// !$*UTF8*$!
{
	archiveVersion = 1;
	classes = {
	};
	objectVersion = 46;
	objects = {

/* Begin PBXBuildFile section */
		542A6E261D76BFC3001E7EE0 /* AppDelegate.swift in Sources */ = {isa = PBXBuildFile; fileRef = 542A6E251D76BFC3001E7EE0 /* AppDelegate.swift */; };
		542A6E281D76BFC3001E7EE0 /* ViewController.swift in Sources */ = {isa = PBXBuildFile; fileRef = 542A6E271D76BFC3001E7EE0 /* ViewController.swift */; };
		542A6E2B1D76BFC3001E7EE0 /* Main.storyboard in Resources */ = {isa = PBXBuildFile; fileRef = 542A6E291D76BFC3001E7EE0 /* Main.storyboard */; };
		542A6E2D1D76BFC3001E7EE0 /* Assets.xcassets in Resources */ = {isa = PBXBuildFile; fileRef = 542A6E2C1D76BFC3001E7EE0 /* Assets.xcassets */; };
		542A6E301D76BFC3001E7EE0 /* LaunchScreen.storyboard in Resources */ = {isa = PBXBuildFile; fileRef = 542A6E2E1D76BFC3001E7EE0 /* LaunchScreen.storyboard */; };
		542A6E3B1D76BFC3001E7EE0 /* ZENetworkingTests.swift in Sources */ = {isa = PBXBuildFile; fileRef = 542A6E3A1D76BFC3001E7EE0 /* ZENetworkingTests.swift */; };
		542A6E461D76BFC3001E7EE0 /* ZENetworkingUITests.swift in Sources */ = {isa = PBXBuildFile; fileRef = 542A6E451D76BFC3001E7EE0 /* ZENetworkingUITests.swift */; };
		542A6E5A1D76CC52001E7EE0 /* ZENetRequest.swift in Sources */ = {isa = PBXBuildFile; fileRef = 542A6E591D76CC52001E7EE0 /* ZENetRequest.swift */; };
		542A6E5C1D76D2F3001E7EE0 /* ZENetworkItem.swift in Sources */ = {isa = PBXBuildFile; fileRef = 542A6E5B1D76D2F3001E7EE0 /* ZENetworkItem.swift */; };
		542A6E5E1D76D304001E7EE0 /* ZENetworkManager.swift in Sources */ = {isa = PBXBuildFile; fileRef = 542A6E5D1D76D304001E7EE0 /* ZENetworkManager.swift */; };
		5445D3D01D77FB7900C34BDD /* ZENoNetView.xib in Resources */ = {isa = PBXBuildFile; fileRef = 5445D3CF1D77FB7900C34BDD /* ZENoNetView.xib */; };
		5445D3D61D78132800C34BDD /* ZEHUD.swift in Sources */ = {isa = PBXBuildFile; fileRef = 5445D3D51D78132800C34BDD /* ZEHUD.swift */; };
		5445D3D81D782EE800C34BDD /* ZEResource.swift in Sources */ = {isa = PBXBuildFile; fileRef = 5445D3D71D782EE800C34BDD /* ZEResource.swift */; };
		546295D81D77C60200F581E1 /* ZEExtension.swift in Sources */ = {isa = PBXBuildFile; fileRef = 546295D71D77C60200F581E1 /* ZEExtension.swift */; };
		546295E01D77D43D00F581E1 /* ZENoNetView.swift in Sources */ = {isa = PBXBuildFile; fileRef = 546295DF1D77D43D00F581E1 /* ZENoNetView.swift */; };
		546295E21D77D8C700F581E1 /* ZENetAPI.swift in Sources */ = {isa = PBXBuildFile; fileRef = 546295E11D77D8C700F581E1 /* ZENetAPI.swift */; };
		58B681AE5A927ED84330B7C6 /* Pods_ZENetworking.framework in Frameworks */ = {isa = PBXBuildFile; fileRef = 424235EFC90BB570DE815B38 /* Pods_ZENetworking.framework */; };
		79F2E0B31FE4150793E88B10 /* Pods_ZENetworkingUITests.framework in Frameworks */ = {isa = PBXBuildFile; fileRef = 8384C176021698E0E81648B1 /* Pods_ZENetworkingUITests.framework */; };
		ABC3495CA9F40B0CB6C4DDB1 /* Pods_ZENetworkingTests.framework in Frameworks */ = {isa = PBXBuildFile; fileRef = CC798C6C56EFC896B29EF55A /* Pods_ZENetworkingTests.framework */; };
/* End PBXBuildFile section */

/* Begin PBXContainerItemProxy section */
		542A6E371D76BFC3001E7EE0 /* PBXContainerItemProxy */ = {
			isa = PBXContainerItemProxy;
			containerPortal = 542A6E1A1D76BFC2001E7EE0 /* Project object */;
			proxyType = 1;
			remoteGlobalIDString = 542A6E211D76BFC2001E7EE0;
			remoteInfo = ZENetworking;
		};
		542A6E421D76BFC3001E7EE0 /* PBXContainerItemProxy */ = {
			isa = PBXContainerItemProxy;
			containerPortal = 542A6E1A1D76BFC2001E7EE0 /* Project object */;
			proxyType = 1;
			remoteGlobalIDString = 542A6E211D76BFC2001E7EE0;
			remoteInfo = ZENetworking;
		};
/* End PBXContainerItemProxy section */

/* Begin PBXFileReference section */
		139FFC43F9F07011E89A96EB /* Pods-ZENetworkingUITests.debug.xcconfig */ = {isa = PBXFileReference; includeInIndex = 1; lastKnownFileType = text.xcconfig; name = "Pods-ZENetworkingUITests.debug.xcconfig"; path = "Pods/Target Support Files/Pods-ZENetworkingUITests/Pods-ZENetworkingUITests.debug.xcconfig"; sourceTree = "<group>"; };
		1A7BF432C698F2E714C39D9A /* Pods-ZENetworking.debug.xcconfig */ = {isa = PBXFileReference; includeInIndex = 1; lastKnownFileType = text.xcconfig; name = "Pods-ZENetworking.debug.xcconfig"; path = "Pods/Target Support Files/Pods-ZENetworking/Pods-ZENetworking.debug.xcconfig"; sourceTree = "<group>"; };
		380B6C13DB0BF66FD336E617 /* Pods-ZENetworking.release.xcconfig */ = {isa = PBXFileReference; includeInIndex = 1; lastKnownFileType = text.xcconfig; name = "Pods-ZENetworking.release.xcconfig"; path = "Pods/Target Support Files/Pods-ZENetworking/Pods-ZENetworking.release.xcconfig"; sourceTree = "<group>"; };
		424235EFC90BB570DE815B38 /* Pods_ZENetworking.framework */ = {isa = PBXFileReference; explicitFileType = wrapper.framework; includeInIndex = 0; path = Pods_ZENetworking.framework; sourceTree = BUILT_PRODUCTS_DIR; };
		542A6E221D76BFC2001E7EE0 /* ZENetworking.app */ = {isa = PBXFileReference; explicitFileType = wrapper.application; includeInIndex = 0; path = ZENetworking.app; sourceTree = BUILT_PRODUCTS_DIR; };
		542A6E251D76BFC3001E7EE0 /* AppDelegate.swift */ = {isa = PBXFileReference; lastKnownFileType = sourcecode.swift; path = AppDelegate.swift; sourceTree = "<group>"; };
		542A6E271D76BFC3001E7EE0 /* ViewController.swift */ = {isa = PBXFileReference; lastKnownFileType = sourcecode.swift; path = ViewController.swift; sourceTree = "<group>"; };
		542A6E2A1D76BFC3001E7EE0 /* Base */ = {isa = PBXFileReference; lastKnownFileType = file.storyboard; name = Base; path = Base.lproj/Main.storyboard; sourceTree = "<group>"; };
		542A6E2C1D76BFC3001E7EE0 /* Assets.xcassets */ = {isa = PBXFileReference; lastKnownFileType = folder.assetcatalog; path = Assets.xcassets; sourceTree = "<group>"; };
		542A6E2F1D76BFC3001E7EE0 /* Base */ = {isa = PBXFileReference; lastKnownFileType = file.storyboard; name = Base; path = Base.lproj/LaunchScreen.storyboard; sourceTree = "<group>"; };
		542A6E311D76BFC3001E7EE0 /* Info.plist */ = {isa = PBXFileReference; lastKnownFileType = text.plist.xml; path = Info.plist; sourceTree = "<group>"; };
		542A6E361D76BFC3001E7EE0 /* ZENetworkingTests.xctest */ = {isa = PBXFileReference; explicitFileType = wrapper.cfbundle; includeInIndex = 0; path = ZENetworkingTests.xctest; sourceTree = BUILT_PRODUCTS_DIR; };
		542A6E3A1D76BFC3001E7EE0 /* ZENetworkingTests.swift */ = {isa = PBXFileReference; lastKnownFileType = sourcecode.swift; path = ZENetworkingTests.swift; sourceTree = "<group>"; };
		542A6E3C1D76BFC3001E7EE0 /* Info.plist */ = {isa = PBXFileReference; lastKnownFileType = text.plist.xml; path = Info.plist; sourceTree = "<group>"; };
		542A6E411D76BFC3001E7EE0 /* ZENetworkingUITests.xctest */ = {isa = PBXFileReference; explicitFileType = wrapper.cfbundle; includeInIndex = 0; path = ZENetworkingUITests.xctest; sourceTree = BUILT_PRODUCTS_DIR; };
		542A6E451D76BFC3001E7EE0 /* ZENetworkingUITests.swift */ = {isa = PBXFileReference; lastKnownFileType = sourcecode.swift; path = ZENetworkingUITests.swift; sourceTree = "<group>"; };
		542A6E471D76BFC3001E7EE0 /* Info.plist */ = {isa = PBXFileReference; lastKnownFileType = text.plist.xml; path = Info.plist; sourceTree = "<group>"; };
		542A6E591D76CC52001E7EE0 /* ZENetRequest.swift */ = {isa = PBXFileReference; fileEncoding = 4; lastKnownFileType = sourcecode.swift; path = ZENetRequest.swift; sourceTree = "<group>"; };
		542A6E5B1D76D2F3001E7EE0 /* ZENetworkItem.swift */ = {isa = PBXFileReference; fileEncoding = 4; lastKnownFileType = sourcecode.swift; path = ZENetworkItem.swift; sourceTree = "<group>"; };
		542A6E5D1D76D304001E7EE0 /* ZENetworkManager.swift */ = {isa = PBXFileReference; fileEncoding = 4; lastKnownFileType = sourcecode.swift; path = ZENetworkManager.swift; sourceTree = "<group>"; };
		5445D3CF1D77FB7900C34BDD /* ZENoNetView.xib */ = {isa = PBXFileReference; fileEncoding = 4; lastKnownFileType = file.xib; path = ZENoNetView.xib; sourceTree = "<group>"; };
		5445D3D51D78132800C34BDD /* ZEHUD.swift */ = {isa = PBXFileReference; fileEncoding = 4; lastKnownFileType = sourcecode.swift; path = ZEHUD.swift; sourceTree = "<group>"; };
		5445D3D71D782EE800C34BDD /* ZEResource.swift */ = {isa = PBXFileReference; fileEncoding = 4; lastKnownFileType = sourcecode.swift; path = ZEResource.swift; sourceTree = "<group>"; };
		546295D71D77C60200F581E1 /* ZEExtension.swift */ = {isa = PBXFileReference; fileEncoding = 4; lastKnownFileType = sourcecode.swift; path = ZEExtension.swift; sourceTree = "<group>"; };
		546295DA1D77CFE000F581E1 /* ZENetworking-Bridging-Header.h */ = {isa = PBXFileReference; fileEncoding = 4; lastKnownFileType = sourcecode.c.h; path = "ZENetworking-Bridging-Header.h"; sourceTree = "<group>"; };
		546295DF1D77D43D00F581E1 /* ZENoNetView.swift */ = {isa = PBXFileReference; fileEncoding = 4; lastKnownFileType = sourcecode.swift; path = ZENoNetView.swift; sourceTree = "<group>"; };
		546295E11D77D8C700F581E1 /* ZENetAPI.swift */ = {isa = PBXFileReference; fileEncoding = 4; lastKnownFileType = sourcecode.swift; path = ZENetAPI.swift; sourceTree = "<group>"; };
		5B5F87A075DE337D2D096AAF /* Pods-ZENetworkingUITests.release.xcconfig */ = {isa = PBXFileReference; includeInIndex = 1; lastKnownFileType = text.xcconfig; name = "Pods-ZENetworkingUITests.release.xcconfig"; path = "Pods/Target Support Files/Pods-ZENetworkingUITests/Pods-ZENetworkingUITests.release.xcconfig"; sourceTree = "<group>"; };
		6E10CD1C9BDB1D5CBD1D5DA0 /* Pods-ZENetworkingTests.debug.xcconfig */ = {isa = PBXFileReference; includeInIndex = 1; lastKnownFileType = text.xcconfig; name = "Pods-ZENetworkingTests.debug.xcconfig"; path = "Pods/Target Support Files/Pods-ZENetworkingTests/Pods-ZENetworkingTests.debug.xcconfig"; sourceTree = "<group>"; };
		8384C176021698E0E81648B1 /* Pods_ZENetworkingUITests.framework */ = {isa = PBXFileReference; explicitFileType = wrapper.framework; includeInIndex = 0; path = Pods_ZENetworkingUITests.framework; sourceTree = BUILT_PRODUCTS_DIR; };
		CC798C6C56EFC896B29EF55A /* Pods_ZENetworkingTests.framework */ = {isa = PBXFileReference; explicitFileType = wrapper.framework; includeInIndex = 0; path = Pods_ZENetworkingTests.framework; sourceTree = BUILT_PRODUCTS_DIR; };
		E767972D793F2DA9FF0A5938 /* Pods-ZENetworkingTests.release.xcconfig */ = {isa = PBXFileReference; includeInIndex = 1; lastKnownFileType = text.xcconfig; name = "Pods-ZENetworkingTests.release.xcconfig"; path = "Pods/Target Support Files/Pods-ZENetworkingTests/Pods-ZENetworkingTests.release.xcconfig"; sourceTree = "<group>"; };
/* End PBXFileReference section */

/* Begin PBXFrameworksBuildPhase section */
		542A6E1F1D76BFC2001E7EE0 /* Frameworks */ = {
			isa = PBXFrameworksBuildPhase;
			buildActionMask = 2147483647;
			files = (
				58B681AE5A927ED84330B7C6 /* Pods_ZENetworking.framework in Frameworks */,
			);
			runOnlyForDeploymentPostprocessing = 0;
		};
		542A6E331D76BFC3001E7EE0 /* Frameworks */ = {
			isa = PBXFrameworksBuildPhase;
			buildActionMask = 2147483647;
			files = (
				ABC3495CA9F40B0CB6C4DDB1 /* Pods_ZENetworkingTests.framework in Frameworks */,
			);
			runOnlyForDeploymentPostprocessing = 0;
		};
		542A6E3E1D76BFC3001E7EE0 /* Frameworks */ = {
			isa = PBXFrameworksBuildPhase;
			buildActionMask = 2147483647;
			files = (
				79F2E0B31FE4150793E88B10 /* Pods_ZENetworkingUITests.framework in Frameworks */,
			);
			runOnlyForDeploymentPostprocessing = 0;
		};
/* End PBXFrameworksBuildPhase section */

/* Begin PBXGroup section */
		527BB84B6CCFA3EECD8FAC68 /* Frameworks */ = {
			isa = PBXGroup;
			children = (
				424235EFC90BB570DE815B38 /* Pods_ZENetworking.framework */,
				CC798C6C56EFC896B29EF55A /* Pods_ZENetworkingTests.framework */,
				8384C176021698E0E81648B1 /* Pods_ZENetworkingUITests.framework */,
			);
			name = Frameworks;
			sourceTree = "<group>";
		};
		542A6E191D76BFC2001E7EE0 = {
			isa = PBXGroup;
			children = (
				542A6E241D76BFC3001E7EE0 /* ZENetworking */,
				542A6E391D76BFC3001E7EE0 /* ZENetworkingTests */,
				542A6E441D76BFC3001E7EE0 /* ZENetworkingUITests */,
				542A6E231D76BFC2001E7EE0 /* Products */,
				CC415511E0F0C30D3863B9E7 /* Pods */,
				527BB84B6CCFA3EECD8FAC68 /* Frameworks */,
			);
			sourceTree = "<group>";
		};
		542A6E231D76BFC2001E7EE0 /* Products */ = {
			isa = PBXGroup;
			children = (
				542A6E221D76BFC2001E7EE0 /* ZENetworking.app */,
				542A6E361D76BFC3001E7EE0 /* ZENetworkingTests.xctest */,
				542A6E411D76BFC3001E7EE0 /* ZENetworkingUITests.xctest */,
			);
			name = Products;
			sourceTree = "<group>";
		};
		542A6E241D76BFC3001E7EE0 /* ZENetworking */ = {
			isa = PBXGroup;
			children = (
				546295DA1D77CFE000F581E1 /* ZENetworking-Bridging-Header.h */,
				542A6E251D76BFC3001E7EE0 /* AppDelegate.swift */,
				542A6E271D76BFC3001E7EE0 /* ViewController.swift */,
				5445D3D71D782EE800C34BDD /* ZEResource.swift */,
				542A6E291D76BFC3001E7EE0 /* Main.storyboard */,
				542A6E2C1D76BFC3001E7EE0 /* Assets.xcassets */,
				542A6E2E1D76BFC3001E7EE0 /* LaunchScreen.storyboard */,
				542A6E311D76BFC3001E7EE0 /* Info.plist */,
				5445D3D41D7812CE00C34BDD /* Networking */,
				546295D71D77C60200F581E1 /* ZEExtension.swift */,
				5445D3D51D78132800C34BDD /* ZEHUD.swift */,
			);
			path = ZENetworking;
			sourceTree = "<group>";
		};
		542A6E391D76BFC3001E7EE0 /* ZENetworkingTests */ = {
			isa = PBXGroup;
			children = (
				542A6E3A1D76BFC3001E7EE0 /* ZENetworkingTests.swift */,
				542A6E3C1D76BFC3001E7EE0 /* Info.plist */,
			);
			path = ZENetworkingTests;
			sourceTree = "<group>";
		};
		542A6E441D76BFC3001E7EE0 /* ZENetworkingUITests */ = {
			isa = PBXGroup;
			children = (
				542A6E451D76BFC3001E7EE0 /* ZENetworkingUITests.swift */,
				542A6E471D76BFC3001E7EE0 /* Info.plist */,
			);
			path = ZENetworkingUITests;
			sourceTree = "<group>";
		};
		5445D3D41D7812CE00C34BDD /* Networking */ = {
			isa = PBXGroup;
			children = (
				542A6E591D76CC52001E7EE0 /* ZENetRequest.swift */,
				546295E11D77D8C700F581E1 /* ZENetAPI.swift */,
				542A6E5B1D76D2F3001E7EE0 /* ZENetworkItem.swift */,
				542A6E5D1D76D304001E7EE0 /* ZENetworkManager.swift */,
				546295DF1D77D43D00F581E1 /* ZENoNetView.swift */,
				5445D3CF1D77FB7900C34BDD /* ZENoNetView.xib */,
			);
			name = Networking;
			sourceTree = "<group>";
		};
		CC415511E0F0C30D3863B9E7 /* Pods */ = {
			isa = PBXGroup;
			children = (
				1A7BF432C698F2E714C39D9A /* Pods-ZENetworking.debug.xcconfig */,
				380B6C13DB0BF66FD336E617 /* Pods-ZENetworking.release.xcconfig */,
				6E10CD1C9BDB1D5CBD1D5DA0 /* Pods-ZENetworkingTests.debug.xcconfig */,
				E767972D793F2DA9FF0A5938 /* Pods-ZENetworkingTests.release.xcconfig */,
				139FFC43F9F07011E89A96EB /* Pods-ZENetworkingUITests.debug.xcconfig */,
				5B5F87A075DE337D2D096AAF /* Pods-ZENetworkingUITests.release.xcconfig */,
			);
			name = Pods;
			sourceTree = "<group>";
		};
/* End PBXGroup section */

/* Begin PBXNativeTarget section */
		542A6E211D76BFC2001E7EE0 /* ZENetworking */ = {
			isa = PBXNativeTarget;
			buildConfigurationList = 542A6E4A1D76BFC3001E7EE0 /* Build configuration list for PBXNativeTarget "ZENetworking" */;
			buildPhases = (
				56587DD49AA0DB5ECC30C010 /* [CP] Check Pods Manifest.lock */,
				542A6E1E1D76BFC2001E7EE0 /* Sources */,
				542A6E1F1D76BFC2001E7EE0 /* Frameworks */,
				542A6E201D76BFC2001E7EE0 /* Resources */,
				33FB1630269914D81927D0BE /* [CP] Embed Pods Frameworks */,
				90752016DDDD776A56A9C6FE /* [CP] Copy Pods Resources */,
			);
			buildRules = (
			);
			dependencies = (
			);
			name = ZENetworking;
			productName = ZENetworking;
			productReference = 542A6E221D76BFC2001E7EE0 /* ZENetworking.app */;
			productType = "com.apple.product-type.application";
		};
		542A6E351D76BFC3001E7EE0 /* ZENetworkingTests */ = {
			isa = PBXNativeTarget;
			buildConfigurationList = 542A6E4D1D76BFC3001E7EE0 /* Build configuration list for PBXNativeTarget "ZENetworkingTests" */;
			buildPhases = (
				1BE33BB00F4845042863C188 /* [CP] Check Pods Manifest.lock */,
				542A6E321D76BFC3001E7EE0 /* Sources */,
				542A6E331D76BFC3001E7EE0 /* Frameworks */,
				542A6E341D76BFC3001E7EE0 /* Resources */,
				96D8EDD88DF97CE2602BD200 /* [CP] Embed Pods Frameworks */,
				54ED262F31529396B11BAC06 /* [CP] Copy Pods Resources */,
			);
			buildRules = (
			);
			dependencies = (
				542A6E381D76BFC3001E7EE0 /* PBXTargetDependency */,
			);
			name = ZENetworkingTests;
			productName = ZENetworkingTests;
			productReference = 542A6E361D76BFC3001E7EE0 /* ZENetworkingTests.xctest */;
			productType = "com.apple.product-type.bundle.unit-test";
		};
		542A6E401D76BFC3001E7EE0 /* ZENetworkingUITests */ = {
			isa = PBXNativeTarget;
			buildConfigurationList = 542A6E501D76BFC3001E7EE0 /* Build configuration list for PBXNativeTarget "ZENetworkingUITests" */;
			buildPhases = (
				B7B56E7787191A0AE8E41282 /* [CP] Check Pods Manifest.lock */,
				542A6E3D1D76BFC3001E7EE0 /* Sources */,
				542A6E3E1D76BFC3001E7EE0 /* Frameworks */,
				542A6E3F1D76BFC3001E7EE0 /* Resources */,
				57936724A66918711D5D8687 /* [CP] Copy Pods Resources */,
			);
			buildRules = (
			);
			dependencies = (
				542A6E431D76BFC3001E7EE0 /* PBXTargetDependency */,
			);
			name = ZENetworkingUITests;
			productName = ZENetworkingUITests;
			productReference = 542A6E411D76BFC3001E7EE0 /* ZENetworkingUITests.xctest */;
			productType = "com.apple.product-type.bundle.ui-testing";
		};
/* End PBXNativeTarget section */

/* Begin PBXProject section */
		542A6E1A1D76BFC2001E7EE0 /* Project object */ = {
			isa = PBXProject;
			attributes = {
				LastSwiftUpdateCheck = 0730;
				LastUpgradeCheck = 0730;
				ORGANIZATIONNAME = zhangll;
				TargetAttributes = {
					542A6E211D76BFC2001E7EE0 = {
						CreatedOnToolsVersion = 7.3.1;
					};
					542A6E351D76BFC3001E7EE0 = {
						CreatedOnToolsVersion = 7.3.1;
						TestTargetID = 542A6E211D76BFC2001E7EE0;
					};
					542A6E401D76BFC3001E7EE0 = {
						CreatedOnToolsVersion = 7.3.1;
						TestTargetID = 542A6E211D76BFC2001E7EE0;
					};
				};
			};
			buildConfigurationList = 542A6E1D1D76BFC2001E7EE0 /* Build configuration list for PBXProject "ZENetworking" */;
			compatibilityVersion = "Xcode 3.2";
			developmentRegion = English;
			hasScannedForEncodings = 0;
			knownRegions = (
				en,
				Base,
			);
			mainGroup = 542A6E191D76BFC2001E7EE0;
			productRefGroup = 542A6E231D76BFC2001E7EE0 /* Products */;
			projectDirPath = "";
			projectRoot = "";
			targets = (
				542A6E211D76BFC2001E7EE0 /* ZENetworking */,
				542A6E351D76BFC3001E7EE0 /* ZENetworkingTests */,
				542A6E401D76BFC3001E7EE0 /* ZENetworkingUITests */,
			);
		};
/* End PBXProject section */

/* Begin PBXResourcesBuildPhase section */
		542A6E201D76BFC2001E7EE0 /* Resources */ = {
			isa = PBXResourcesBuildPhase;
			buildActionMask = 2147483647;
			files = (
				542A6E301D76BFC3001E7EE0 /* LaunchScreen.storyboard in Resources */,
				542A6E2D1D76BFC3001E7EE0 /* Assets.xcassets in Resources */,
				5445D3D01D77FB7900C34BDD /* ZENoNetView.xib in Resources */,
				542A6E2B1D76BFC3001E7EE0 /* Main.storyboard in Resources */,
			);
			runOnlyForDeploymentPostprocessing = 0;
		};
		542A6E341D76BFC3001E7EE0 /* Resources */ = {
			isa = PBXResourcesBuildPhase;
			buildActionMask = 2147483647;
			files = (
			);
			runOnlyForDeploymentPostprocessing = 0;
		};
		542A6E3F1D76BFC3001E7EE0 /* Resources */ = {
			isa = PBXResourcesBuildPhase;
			buildActionMask = 2147483647;
			files = (
			);
			runOnlyForDeploymentPostprocessing = 0;
		};
/* End PBXResourcesBuildPhase section */

/* Begin PBXShellScriptBuildPhase section */
		1BE33BB00F4845042863C188 /* [CP] Check Pods Manifest.lock */ = {
			isa = PBXShellScriptBuildPhase;
			buildActionMask = 2147483647;
			files = (
			);
			inputPaths = (
			);
			name = "[CP] Check Pods Manifest.lock";
			outputPaths = (
			);
			runOnlyForDeploymentPostprocessing = 0;
			shellPath = /bin/sh;
			shellScript = "diff \"${PODS_ROOT}/../Podfile.lock\" \"${PODS_ROOT}/Manifest.lock\" > /dev/null\nif [[ $? != 0 ]] ; then\n    cat << EOM\nerror: The sandbox is not in sync with the Podfile.lock. Run 'pod install' or update your CocoaPods installation.\nEOM\n    exit 1\nfi\n";
			showEnvVarsInLog = 0;
		};
		33FB1630269914D81927D0BE /* [CP] Embed Pods Frameworks */ = {
			isa = PBXShellScriptBuildPhase;
			buildActionMask = 2147483647;
			files = (
			);
			inputPaths = (
			);
			name = "[CP] Embed Pods Frameworks";
			outputPaths = (
			);
			runOnlyForDeploymentPostprocessing = 0;
			shellPath = /bin/sh;
			shellScript = "\"${SRCROOT}/Pods/Target Support Files/Pods-ZENetworking/Pods-ZENetworking-frameworks.sh\"\n";
			showEnvVarsInLog = 0;
		};
		54ED262F31529396B11BAC06 /* [CP] Copy Pods Resources */ = {
			isa = PBXShellScriptBuildPhase;
			buildActionMask = 2147483647;
			files = (
			);
			inputPaths = (
			);
			name = "[CP] Copy Pods Resources";
			outputPaths = (
			);
			runOnlyForDeploymentPostprocessing = 0;
			shellPath = /bin/sh;
			shellScript = "\"${SRCROOT}/Pods/Target Support Files/Pods-ZENetworkingTests/Pods-ZENetworkingTests-resources.sh\"\n";
			showEnvVarsInLog = 0;
		};
		56587DD49AA0DB5ECC30C010 /* [CP] Check Pods Manifest.lock */ = {
			isa = PBXShellScriptBuildPhase;
			buildActionMask = 2147483647;
			files = (
			);
			inputPaths = (
			);
			name = "[CP] Check Pods Manifest.lock";
			outputPaths = (
			);
			runOnlyForDeploymentPostprocessing = 0;
			shellPath = /bin/sh;
			shellScript = "diff \"${PODS_ROOT}/../Podfile.lock\" \"${PODS_ROOT}/Manifest.lock\" > /dev/null\nif [[ $? != 0 ]] ; then\n    cat << EOM\nerror: The sandbox is not in sync with the Podfile.lock. Run 'pod install' or update your CocoaPods installation.\nEOM\n    exit 1\nfi\n";
			showEnvVarsInLog = 0;
		};
		57936724A66918711D5D8687 /* [CP] Copy Pods Resources */ = {
			isa = PBXShellScriptBuildPhase;
			buildActionMask = 2147483647;
			files = (
			);
			inputPaths = (
			);
			name = "[CP] Copy Pods Resources";
			outputPaths = (
			);
			runOnlyForDeploymentPostprocessing = 0;
			shellPath = /bin/sh;
			shellScript = "\"${SRCROOT}/Pods/Target Support Files/Pods-ZENetworkingUITests/Pods-ZENetworkingUITests-resources.sh\"\n";
			showEnvVarsInLog = 0;
		};
		90752016DDDD776A56A9C6FE /* [CP] Copy Pods Resources */ = {
			isa = PBXShellScriptBuildPhase;
			buildActionMask = 2147483647;
			files = (
			);
			inputPaths = (
			);
			name = "[CP] Copy Pods Resources";
			outputPaths = (
			);
			runOnlyForDeploymentPostprocessing = 0;
			shellPath = /bin/sh;
			shellScript = "\"${SRCROOT}/Pods/Target Support Files/Pods-ZENetworking/Pods-ZENetworking-resources.sh\"\n";
			showEnvVarsInLog = 0;
		};
		96D8EDD88DF97CE2602BD200 /* [CP] Embed Pods Frameworks */ = {
			isa = PBXShellScriptBuildPhase;
			buildActionMask = 2147483647;
			files = (
			);
			inputPaths = (
			);
			name = "[CP] Embed Pods Frameworks";
			outputPaths = (
			);
			runOnlyForDeploymentPostprocessing = 0;
			shellPath = /bin/sh;
			shellScript = "\"${SRCROOT}/Pods/Target Support Files/Pods-ZENetworkingTests/Pods-ZENetworkingTests-frameworks.sh\"\n";
			showEnvVarsInLog = 0;
		};
		B7B56E7787191A0AE8E41282 /* [CP] Check Pods Manifest.lock */ = {
			isa = PBXShellScriptBuildPhase;
			buildActionMask = 2147483647;
			files = (
			);
			inputPaths = (
			);
			name = "[CP] Check Pods Manifest.lock";
			outputPaths = (
			);
			runOnlyForDeploymentPostprocessing = 0;
			shellPath = /bin/sh;
			shellScript = "diff \"${PODS_ROOT}/../Podfile.lock\" \"${PODS_ROOT}/Manifest.lock\" > /dev/null\nif [[ $? != 0 ]] ; then\n    cat << EOM\nerror: The sandbox is not in sync with the Podfile.lock. Run 'pod install' or update your CocoaPods installation.\nEOM\n    exit 1\nfi\n";
			showEnvVarsInLog = 0;
		};
/* End PBXShellScriptBuildPhase section */

/* Begin PBXSourcesBuildPhase section */
		542A6E1E1D76BFC2001E7EE0 /* Sources */ = {
			isa = PBXSourcesBuildPhase;
			buildActionMask = 2147483647;
			files = (
				5445D3D81D782EE800C34BDD /* ZEResource.swift in Sources */,
				542A6E281D76BFC3001E7EE0 /* ViewController.swift in Sources */,
				546295E21D77D8C700F581E1 /* ZENetAPI.swift in Sources */,
				5445D3D61D78132800C34BDD /* ZEHUD.swift in Sources */,
				542A6E261D76BFC3001E7EE0 /* AppDelegate.swift in Sources */,
				542A6E5C1D76D2F3001E7EE0 /* ZENetworkItem.swift in Sources */,
				542A6E5E1D76D304001E7EE0 /* ZENetworkManager.swift in Sources */,
				546295D81D77C60200F581E1 /* ZEExtension.swift in Sources */,
				546295E01D77D43D00F581E1 /* ZENoNetView.swift in Sources */,
				542A6E5A1D76CC52001E7EE0 /* ZENetRequest.swift in Sources */,
			);
			runOnlyForDeploymentPostprocessing = 0;
		};
		542A6E321D76BFC3001E7EE0 /* Sources */ = {
			isa = PBXSourcesBuildPhase;
			buildActionMask = 2147483647;
			files = (
				542A6E3B1D76BFC3001E7EE0 /* ZENetworkingTests.swift in Sources */,
			);
			runOnlyForDeploymentPostprocessing = 0;
		};
		542A6E3D1D76BFC3001E7EE0 /* Sources */ = {
			isa = PBXSourcesBuildPhase;
			buildActionMask = 2147483647;
			files = (
				542A6E461D76BFC3001E7EE0 /* ZENetworkingUITests.swift in Sources */,
			);
			runOnlyForDeploymentPostprocessing = 0;
		};
/* End PBXSourcesBuildPhase section */

/* Begin PBXTargetDependency section */
		542A6E381D76BFC3001E7EE0 /* PBXTargetDependency */ = {
			isa = PBXTargetDependency;
			target = 542A6E211D76BFC2001E7EE0 /* ZENetworking */;
			targetProxy = 542A6E371D76BFC3001E7EE0 /* PBXContainerItemProxy */;
		};
		542A6E431D76BFC3001E7EE0 /* PBXTargetDependency */ = {
			isa = PBXTargetDependency;
			target = 542A6E211D76BFC2001E7EE0 /* ZENetworking */;
			targetProxy = 542A6E421D76BFC3001E7EE0 /* PBXContainerItemProxy */;
		};
/* End PBXTargetDependency section */

/* Begin PBXVariantGroup section */
		542A6E291D76BFC3001E7EE0 /* Main.storyboard */ = {
			isa = PBXVariantGroup;
			children = (
				542A6E2A1D76BFC3001E7EE0 /* Base */,
			);
			name = Main.storyboard;
			sourceTree = "<group>";
		};
		542A6E2E1D76BFC3001E7EE0 /* LaunchScreen.storyboard */ = {
			isa = PBXVariantGroup;
			children = (
				542A6E2F1D76BFC3001E7EE0 /* Base */,
			);
			name = LaunchScreen.storyboard;
			sourceTree = "<group>";
		};
/* End PBXVariantGroup section */

/* Begin XCBuildConfiguration section */
		542A6E481D76BFC3001E7EE0 /* Debug */ = {
			isa = XCBuildConfiguration;
			buildSettings = {
				ALWAYS_SEARCH_USER_PATHS = NO;
				CLANG_ANALYZER_NONNULL = YES;
				CLANG_CXX_LANGUAGE_STANDARD = "gnu++0x";
				CLANG_CXX_LIBRARY = "libc++";
				CLANG_ENABLE_MODULES = YES;
				CLANG_ENABLE_OBJC_ARC = YES;
				CLANG_WARN_BOOL_CONVERSION = YES;
				CLANG_WARN_CONSTANT_CONVERSION = YES;
				CLANG_WARN_DIRECT_OBJC_ISA_USAGE = YES_ERROR;
				CLANG_WARN_EMPTY_BODY = YES;
				CLANG_WARN_ENUM_CONVERSION = YES;
				CLANG_WARN_INT_CONVERSION = YES;
				CLANG_WARN_OBJC_ROOT_CLASS = YES_ERROR;
				CLANG_WARN_UNREACHABLE_CODE = YES;
				CLANG_WARN__DUPLICATE_METHOD_MATCH = YES;
				"CODE_SIGN_IDENTITY[sdk=iphoneos*]" = "iPhone Developer";
				COPY_PHASE_STRIP = NO;
				DEBUG_INFORMATION_FORMAT = dwarf;
				ENABLE_STRICT_OBJC_MSGSEND = YES;
				ENABLE_TESTABILITY = YES;
				GCC_C_LANGUAGE_STANDARD = gnu99;
				GCC_DYNAMIC_NO_PIC = NO;
				GCC_NO_COMMON_BLOCKS = YES;
				GCC_OPTIMIZATION_LEVEL = 0;
				GCC_PREPROCESSOR_DEFINITIONS = (
					"DEBUG=1",
					"$(inherited)",
				);
				GCC_WARN_64_TO_32_BIT_CONVERSION = YES;
				GCC_WARN_ABOUT_RETURN_TYPE = YES_ERROR;
				GCC_WARN_UNDECLARED_SELECTOR = YES;
				GCC_WARN_UNINITIALIZED_AUTOS = YES_AGGRESSIVE;
				GCC_WARN_UNUSED_FUNCTION = YES;
				GCC_WARN_UNUSED_VARIABLE = YES;
				IPHONEOS_DEPLOYMENT_TARGET = 9.3;
				MTL_ENABLE_DEBUG_INFO = YES;
				ONLY_ACTIVE_ARCH = YES;
				SDKROOT = iphoneos;
				SWIFT_OPTIMIZATION_LEVEL = "-Onone";
				TARGETED_DEVICE_FAMILY = "1,2";
			};
			name = Debug;
		};
		542A6E491D76BFC3001E7EE0 /* Release */ = {
			isa = XCBuildConfiguration;
			buildSettings = {
				ALWAYS_SEARCH_USER_PATHS = NO;
				CLANG_ANALYZER_NONNULL = YES;
				CLANG_CXX_LANGUAGE_STANDARD = "gnu++0x";
				CLANG_CXX_LIBRARY = "libc++";
				CLANG_ENABLE_MODULES = YES;
				CLANG_ENABLE_OBJC_ARC = YES;
				CLANG_WARN_BOOL_CONVERSION = YES;
				CLANG_WARN_CONSTANT_CONVERSION = YES;
				CLANG_WARN_DIRECT_OBJC_ISA_USAGE = YES_ERROR;
				CLANG_WARN_EMPTY_BODY = YES;
				CLANG_WARN_ENUM_CONVERSION = YES;
				CLANG_WARN_INT_CONVERSION = YES;
				CLANG_WARN_OBJC_ROOT_CLASS = YES_ERROR;
				CLANG_WARN_UNREACHABLE_CODE = YES;
				CLANG_WARN__DUPLICATE_METHOD_MATCH = YES;
				"CODE_SIGN_IDENTITY[sdk=iphoneos*]" = "iPhone Developer";
				COPY_PHASE_STRIP = NO;
				DEBUG_INFORMATION_FORMAT = "dwarf-with-dsym";
				ENABLE_NS_ASSERTIONS = NO;
				ENABLE_STRICT_OBJC_MSGSEND = YES;
				GCC_C_LANGUAGE_STANDARD = gnu99;
				GCC_NO_COMMON_BLOCKS = YES;
				GCC_WARN_64_TO_32_BIT_CONVERSION = YES;
				GCC_WARN_ABOUT_RETURN_TYPE = YES_ERROR;
				GCC_WARN_UNDECLARED_SELECTOR = YES;
				GCC_WARN_UNINITIALIZED_AUTOS = YES_AGGRESSIVE;
				GCC_WARN_UNUSED_FUNCTION = YES;
				GCC_WARN_UNUSED_VARIABLE = YES;
				IPHONEOS_DEPLOYMENT_TARGET = 9.3;
				MTL_ENABLE_DEBUG_INFO = NO;
				SDKROOT = iphoneos;
				TARGETED_DEVICE_FAMILY = "1,2";
				VALIDATE_PRODUCT = YES;
			};
			name = Release;
		};
		542A6E4B1D76BFC3001E7EE0 /* Debug */ = {
			isa = XCBuildConfiguration;
			baseConfigurationReference = 1A7BF432C698F2E714C39D9A /* Pods-ZENetworking.debug.xcconfig */;
			buildSettings = {
				ASSETCATALOG_COMPILER_APPICON_NAME = AppIcon;
				CODE_SIGN_IDENTITY = "iPhone Developer";
				INFOPLIST_FILE = ZENetworking/Info.plist;
				IPHONEOS_DEPLOYMENT_TARGET = 8.0;
				LD_RUNPATH_SEARCH_PATHS = "$(inherited) @executable_path/Frameworks";
				PRODUCT_BUNDLE_IDENTIFIER = com.yamoo.ZENetworking;
				PRODUCT_NAME = "$(TARGET_NAME)";
				SWIFT_OBJC_BRIDGING_HEADER = "ZENetworking/ZENetworking-Bridging-Header.h";
			};
			name = Debug;
		};
		542A6E4C1D76BFC3001E7EE0 /* Release */ = {
			isa = XCBuildConfiguration;
			baseConfigurationReference = 380B6C13DB0BF66FD336E617 /* Pods-ZENetworking.release.xcconfig */;
			buildSettings = {
				ASSETCATALOG_COMPILER_APPICON_NAME = AppIcon;
				CODE_SIGN_IDENTITY = "iPhone Developer";
				INFOPLIST_FILE = ZENetworking/Info.plist;
				IPHONEOS_DEPLOYMENT_TARGET = 8.0;
				LD_RUNPATH_SEARCH_PATHS = "$(inherited) @executable_path/Frameworks";
				PRODUCT_BUNDLE_IDENTIFIER = com.yamoo.ZENetworking;
				PRODUCT_NAME = "$(TARGET_NAME)";
				SWIFT_OBJC_BRIDGING_HEADER = "ZENetworking/ZENetworking-Bridging-Header.h";
			};
			name = Release;
		};
		542A6E4E1D76BFC3001E7EE0 /* Debug */ = {
			isa = XCBuildConfiguration;
			baseConfigurationReference = 6E10CD1C9BDB1D5CBD1D5DA0 /* Pods-ZENetworkingTests.debug.xcconfig */;
			buildSettings = {
				BUNDLE_LOADER = "$(TEST_HOST)";
				INFOPLIST_FILE = ZENetworkingTests/Info.plist;
				LD_RUNPATH_SEARCH_PATHS = "$(inherited) @executable_path/Frameworks @loader_path/Frameworks";
				PRODUCT_BUNDLE_IDENTIFIER = com.yamoo.ZENetworkingTests;
				PRODUCT_NAME = "$(TARGET_NAME)";
				TEST_HOST = "$(BUILT_PRODUCTS_DIR)/ZENetworking.app/ZENetworking";
			};
			name = Debug;
		};
		542A6E4F1D76BFC3001E7EE0 /* Release */ = {
			isa = XCBuildConfiguration;
			baseConfigurationReference = E767972D793F2DA9FF0A5938 /* Pods-ZENetworkingTests.release.xcconfig */;
			buildSettings = {
				BUNDLE_LOADER = "$(TEST_HOST)";
				INFOPLIST_FILE = ZENetworkingTests/Info.plist;
				LD_RUNPATH_SEARCH_PATHS = "$(inherited) @executable_path/Frameworks @loader_path/Frameworks";
				PRODUCT_BUNDLE_IDENTIFIER = com.yamoo.ZENetworkingTests;
				PRODUCT_NAME = "$(TARGET_NAME)";
				TEST_HOST = "$(BUILT_PRODUCTS_DIR)/ZENetworking.app/ZENetworking";
			};
			name = Release;
		};
		542A6E511D76BFC3001E7EE0 /* Debug */ = {
			isa = XCBuildConfiguration;
			baseConfigurationReference = 139FFC43F9F07011E89A96EB /* Pods-ZENetworkingUITests.debug.xcconfig */;
			buildSettings = {
				INFOPLIST_FILE = ZENetworkingUITests/Info.plist;
				LD_RUNPATH_SEARCH_PATHS = "$(inherited) @executable_path/Frameworks @loader_path/Frameworks";
				PRODUCT_BUNDLE_IDENTIFIER = com.yamoo.ZENetworkingUITests;
				PRODUCT_NAME = "$(TARGET_NAME)";
				TEST_TARGET_NAME = ZENetworking;
			};
			name = Debug;
		};
		542A6E521D76BFC3001E7EE0 /* Release */ = {
			isa = XCBuildConfiguration;
			baseConfigurationReference = 5B5F87A075DE337D2D096AAF /* Pods-ZENetworkingUITests.release.xcconfig */;
			buildSettings = {
				INFOPLIST_FILE = ZENetworkingUITests/Info.plist;
				LD_RUNPATH_SEARCH_PATHS = "$(inherited) @executable_path/Frameworks @loader_path/Frameworks";
				PRODUCT_BUNDLE_IDENTIFIER = com.yamoo.ZENetworkingUITests;
				PRODUCT_NAME = "$(TARGET_NAME)";
				TEST_TARGET_NAME = ZENetworking;
			};
			name = Release;
		};
/* End XCBuildConfiguration section */

/* Begin XCConfigurationList section */
		542A6E1D1D76BFC2001E7EE0 /* Build configuration list for PBXProject "ZENetworking" */ = {
			isa = XCConfigurationList;
			buildConfigurations = (
				542A6E481D76BFC3001E7EE0 /* Debug */,
				542A6E491D76BFC3001E7EE0 /* Release */,
			);
			defaultConfigurationIsVisible = 0;
			defaultConfigurationName = Release;
		};
		542A6E4A1D76BFC3001E7EE0 /* Build configuration list for PBXNativeTarget "ZENetworking" */ = {
			isa = XCConfigurationList;
			buildConfigurations = (
				542A6E4B1D76BFC3001E7EE0 /* Debug */,
				542A6E4C1D76BFC3001E7EE0 /* Release */,
			);
			defaultConfigurationIsVisible = 0;
			defaultConfigurationName = Release;
		};
		542A6E4D1D76BFC3001E7EE0 /* Build configuration list for PBXNativeTarget "ZENetworkingTests" */ = {
			isa = XCConfigurationList;
			buildConfigurations = (
				542A6E4E1D76BFC3001E7EE0 /* Debug */,
				542A6E4F1D76BFC3001E7EE0 /* Release */,
			);
			defaultConfigurationIsVisible = 0;
			defaultConfigurationName = Release;
		};
		542A6E501D76BFC3001E7EE0 /* Build configuration list for PBXNativeTarget "ZENetworkingUITests" */ = {
			isa = XCConfigurationList;
			buildConfigurations = (
				542A6E511D76BFC3001E7EE0 /* Debug */,
				542A6E521D76BFC3001E7EE0 /* Release */,
			);
			defaultConfigurationIsVisible = 0;
			defaultConfigurationName = Release;
		};
/* End XCConfigurationList section */
	};
	rootObject = 542A6E1A1D76BFC2001E7EE0 /* Project object */;
}
